
Microsoft Visual Studio Solution File, Format Version 12.00
# Visual Studio Version 17
VisualStudioVersion = 17.13.35931.197 d17.13
MinimumVisualStudioVersion = 10.0.40219.1
Project("{FAE04EC0-301F-11D3-BF4B-00C04F79EFBC}") = "kursach", "kursach.csproj", "{22A6E7DD-703E-48F3-8453-DB7195B19F94}"
EndProject
Global
	GlobalSection(SolutionConfigurationPlatforms) = preSolution
		Debug|Any CPU = Debug|Any CPU
		Release|Any CPU = Release|Any CPU
	EndGlobalSection
	GlobalSection(ProjectConfigurationPlatforms) = postSolution
		{22A6E7DD-703E-48F3-8453-DB7195B19F94}.Debug|Any CPU.ActiveCfg = Debug|Any CPU
		{22A6E7DD-703E-48F3-8453-DB7195B19F94}.Debug|Any CPU.Build.0 = Debug|Any CPU
		{22A6E7DD-703E-48F3-8453-DB7195B19F94}.Release|Any CPU.ActiveCfg = Release|Any CPU
		{22A6E7DD-703E-48F3-8453-DB7195B19F94}.Release|Any CPU.Build.0 = Release|Any CPU
	EndGlobalSection
	GlobalSection(SolutionProperties) = preSolution
		HideSolutionNode = FALSE
	EndGlobalSection
	GlobalSection(ExtensibilityGlobals) = postSolution
		SolutionGuid = {84D8F537-60F2-4389-A189-D07EB4666F98}
	EndGlobalSection
EndGlobal
